
Microsoft Visual Studio Solution File, Format Version 12.00
# Visual Studio 15
VisualStudioVersion = 15.0.28307.2092
MinimumVisualStudioVersion = 10.0.40219.1
Project("{F184B08F-C81C-45F6-A57F-5ABD9991F28F}") = "SPC", "SPC\SPC.vbproj", "{F8D3BACB-EB09-485E-8727-497D49329A2C}"
EndProject
Project("{F184B08F-C81C-45F6-A57F-5ABD9991F28F}") = "DBFTP", "ClsDBFTP\DBFTP.vbproj", "{6F2274F1-28E6-4887-97C6-A461BFAF0063}"
EndProject
Project("{F184B08F-C81C-45F6-A57F-5ABD9991F28F}") = "SQL_COMCLS_LIB", "SQL_COMCLS_LIB\SQL_COMCLS_LIB.vbproj", "{65153F54-B19C-4051-BFB5-DC46474BF1E0}"
EndProject
Project("{F184B08F-C81C-45F6-A57F-5ABD9991F28F}") = "SQL_DBCLS_LIB", "SQL_DBCLS_LIB\SQL_DBCLS_LIB.vbproj", "{CBAC86A1-4E3F-4982-BF94-A951D423C109}"
EndProject
Global
	GlobalSection(SolutionConfigurationPlatforms) = preSolution
		CD_ROM|Any CPU = CD_ROM|Any CPU
		Debug|Any CPU = Debug|Any CPU
		DVD-5|Any CPU = DVD-5|Any CPU
		Release|Any CPU = Release|Any CPU
		SingleImage|Any CPU = SingleImage|Any CPU
	EndGlobalSection
	GlobalSection(ProjectConfigurationPlatforms) = postSolution
		{F8D3BACB-EB09-485E-8727-497D49329A2C}.CD_ROM|Any CPU.ActiveCfg = Release|Any CPU
		{F8D3BACB-EB09-485E-8727-497D49329A2C}.CD_ROM|Any CPU.Build.0 = Release|Any CPU
		{F8D3BACB-EB09-485E-8727-497D49329A2C}.Debug|Any CPU.ActiveCfg = Debug|Any CPU
		{F8D3BACB-EB09-485E-8727-497D49329A2C}.Debug|Any CPU.Build.0 = Debug|Any CPU
		{F8D3BACB-EB09-485E-8727-497D49329A2C}.DVD-5|Any CPU.ActiveCfg = Debug|Any CPU
		{F8D3BACB-EB09-485E-8727-497D49329A2C}.DVD-5|Any CPU.Build.0 = Debug|Any CPU
		{F8D3BACB-EB09-485E-8727-497D49329A2C}.Release|Any CPU.ActiveCfg = Release|Any CPU
		{F8D3BACB-EB09-485E-8727-497D49329A2C}.Release|Any CPU.Build.0 = Release|Any CPU
		{F8D3BACB-EB09-485E-8727-497D49329A2C}.SingleImage|Any CPU.ActiveCfg = Release|Any CPU
		{F8D3BACB-EB09-485E-8727-497D49329A2C}.SingleImage|Any CPU.Build.0 = Release|Any CPU
		{6F2274F1-28E6-4887-97C6-A461BFAF0063}.CD_ROM|Any CPU.ActiveCfg = Release|Any CPU
		{6F2274F1-28E6-4887-97C6-A461BFAF0063}.CD_ROM|Any CPU.Build.0 = Release|Any CPU
		{6F2274F1-28E6-4887-97C6-A461BFAF0063}.Debug|Any CPU.ActiveCfg = Debug|Any CPU
		{6F2274F1-28E6-4887-97C6-A461BFAF0063}.Debug|Any CPU.Build.0 = Debug|Any CPU
		{6F2274F1-28E6-4887-97C6-A461BFAF0063}.DVD-5|Any CPU.ActiveCfg = Debug|Any CPU
		{6F2274F1-28E6-4887-97C6-A461BFAF0063}.DVD-5|Any CPU.Build.0 = Debug|Any CPU
		{6F2274F1-28E6-4887-97C6-A461BFAF0063}.Release|Any CPU.ActiveCfg = Release|Any CPU
		{6F2274F1-28E6-4887-97C6-A461BFAF0063}.Release|Any CPU.Build.0 = Release|Any CPU
		{6F2274F1-28E6-4887-97C6-A461BFAF0063}.SingleImage|Any CPU.ActiveCfg = Release|Any CPU
		{6F2274F1-28E6-4887-97C6-A461BFAF0063}.SingleImage|Any CPU.Build.0 = Release|Any CPU
		{65153F54-B19C-4051-BFB5-DC46474BF1E0}.CD_ROM|Any CPU.ActiveCfg = Release|Any CPU
		{65153F54-B19C-4051-BFB5-DC46474BF1E0}.CD_ROM|Any CPU.Build.0 = Release|Any CPU
		{65153F54-B19C-4051-BFB5-DC46474BF1E0}.Debug|Any CPU.ActiveCfg = Debug|Any CPU
		{65153F54-B19C-4051-BFB5-DC46474BF1E0}.Debug|Any CPU.Build.0 = Debug|Any CPU
		{65153F54-B19C-4051-BFB5-DC46474BF1E0}.DVD-5|Any CPU.ActiveCfg = Debug|Any CPU
		{65153F54-B19C-4051-BFB5-DC46474BF1E0}.DVD-5|Any CPU.Build.0 = Debug|Any CPU
		{65153F54-B19C-4051-BFB5-DC46474BF1E0}.Release|Any CPU.ActiveCfg = Release|Any CPU
		{65153F54-B19C-4051-BFB5-DC46474BF1E0}.Release|Any CPU.Build.0 = Release|Any CPU
		{65153F54-B19C-4051-BFB5-DC46474BF1E0}.SingleImage|Any CPU.ActiveCfg = Release|Any CPU
		{65153F54-B19C-4051-BFB5-DC46474BF1E0}.SingleImage|Any CPU.Build.0 = Release|Any CPU
		{CBAC86A1-4E3F-4982-BF94-A951D423C109}.CD_ROM|Any CPU.ActiveCfg = Release|Any CPU
		{CBAC86A1-4E3F-4982-BF94-A951D423C109}.CD_ROM|Any CPU.Build.0 = Release|Any CPU
		{CBAC86A1-4E3F-4982-BF94-A951D423C109}.Debug|Any CPU.ActiveCfg = Debug|Any CPU
		{CBAC86A1-4E3F-4982-BF94-A951D423C109}.Debug|Any CPU.Build.0 = Debug|Any CPU
		{CBAC86A1-4E3F-4982-BF94-A951D423C109}.DVD-5|Any CPU.ActiveCfg = Debug|Any CPU
		{CBAC86A1-4E3F-4982-BF94-A951D423C109}.DVD-5|Any CPU.Build.0 = Debug|Any CPU
		{CBAC86A1-4E3F-4982-BF94-A951D423C109}.Release|Any CPU.ActiveCfg = Release|Any CPU
		{CBAC86A1-4E3F-4982-BF94-A951D423C109}.Release|Any CPU.Build.0 = Release|Any CPU
		{CBAC86A1-4E3F-4982-BF94-A951D423C109}.SingleImage|Any CPU.ActiveCfg = Release|Any CPU
		{CBAC86A1-4E3F-4982-BF94-A951D423C109}.SingleImage|Any CPU.Build.0 = Release|Any CPU
	EndGlobalSection
	GlobalSection(SolutionProperties) = preSolution
		HideSolutionNode = FALSE
	EndGlobalSection
	GlobalSection(ExtensibilityGlobals) = postSolution
		SolutionGuid = {1784324C-61D6-4315-A374-FA4C0146EED3}
	EndGlobalSection
EndGlobal
